
Microsoft Visual Studio Solution File, Format Version 10.00
# Visual Studio 2008
Project("{FAE04EC0-301F-11D3-BF4B-00C04F79EFBC}") = "лаба11", "лаба11\лаба11.csproj", "{34758528-3123-46E2-9165-09D7647AD94C}"
EndProject
Global
	GlobalSection(SolutionConfigurationPlatforms) = preSolution
		Debug|Any CPU = Debug|Any CPU
		Release|Any CPU = Release|Any CPU
	EndGlobalSection
	GlobalSection(ProjectConfigurationPlatforms) = postSolution
		{34758528-3123-46E2-9165-09D7647AD94C}.Debug|Any CPU.ActiveCfg = Debug|Any CPU
		{34758528-3123-46E2-9165-09D7647AD94C}.Debug|Any CPU.Build.0 = Debug|Any CPU
		{34758528-3123-46E2-9165-09D7647AD94C}.Release|Any CPU.ActiveCfg = Release|Any CPU
		{34758528-3123-46E2-9165-09D7647AD94C}.Release|Any CPU.Build.0 = Release|Any CPU
	EndGlobalSection
	GlobalSection(SolutionProperties) = preSolution
		HideSolutionNode = FALSE
	EndGlobalSection
EndGlobal
